// !$*UTF8*$!
{
	archiveVersion = 1;
	classes = {
	};
	objectVersion = 50;
	objects = {

/* Begin PBXBuildFile section */
		441FA517242CA39A005E40A9 /* PushSegue.swift in Sources */ = {isa = PBXBuildFile; fileRef = 441FA516242CA39A005E40A9 /* PushSegue.swift */; };
		443DD591242999E0004F2722 /* AppDelegate.swift in Sources */ = {isa = PBXBuildFile; fileRef = 443DD590242999E0004F2722 /* AppDelegate.swift */; };
		443DD593242999E0004F2722 /* SceneDelegate.swift in Sources */ = {isa = PBXBuildFile; fileRef = 443DD592242999E0004F2722 /* SceneDelegate.swift */; };
		443DD595242999E0004F2722 /* SignUpViewController.swift in Sources */ = {isa = PBXBuildFile; fileRef = 443DD594242999E0004F2722 /* SignUpViewController.swift */; };
		443DD598242999E0004F2722 /* Main.storyboard in Resources */ = {isa = PBXBuildFile; fileRef = 443DD596242999E0004F2722 /* Main.storyboard */; };
		443DD59A242999E0004F2722 /* Assets.xcassets in Resources */ = {isa = PBXBuildFile; fileRef = 443DD599242999E0004F2722 /* Assets.xcassets */; };
		443DD59D242999E0004F2722 /* LaunchScreen.storyboard in Resources */ = {isa = PBXBuildFile; fileRef = 443DD59B242999E0004F2722 /* LaunchScreen.storyboard */; };
		443DD5A52429AD2E004F2722 /* TitleLabel.swift in Sources */ = {isa = PBXBuildFile; fileRef = 443DD5A42429AD2E004F2722 /* TitleLabel.swift */; };
		443DD5A82429B058004F2722 /* TextFieldLabel.swift in Sources */ = {isa = PBXBuildFile; fileRef = 443DD5A72429B058004F2722 /* TextFieldLabel.swift */; };
		443DD5AA2429B356004F2722 /* StatusMessageLabel.swift in Sources */ = {isa = PBXBuildFile; fileRef = 443DD5A92429B356004F2722 /* StatusMessageLabel.swift */; };
		443DD5AE2429CE89004F2722 /* InputTextField.swift in Sources */ = {isa = PBXBuildFile; fileRef = 443DD5AD2429CE89004F2722 /* InputTextField.swift */; };
		443DD5B02429D6D1004F2722 /* NextButton.swift in Sources */ = {isa = PBXBuildFile; fileRef = 443DD5AF2429D6D1004F2722 /* NextButton.swift */; };
		444F82A8242D93BD00CDEAE3 /* NetworkManager.swift in Sources */ = {isa = PBXBuildFile; fileRef = 444F82A7242D93BD00CDEAE3 /* NetworkManager.swift */; };
		4473D9812429FCF000073E28 /* InputVerifierTests.swift in Sources */ = {isa = PBXBuildFile; fileRef = 4473D9802429FCF000073E28 /* InputVerifierTests.swift */; };
		44846C88242B9F2800521C8D /* IdViewModel.swift in Sources */ = {isa = PBXBuildFile; fileRef = 44846C87242B9F2800521C8D /* IdViewModel.swift */; };
		44846C8A242BA64600521C8D /* Dynamic.swift in Sources */ = {isa = PBXBuildFile; fileRef = 44846C89242BA64600521C8D /* Dynamic.swift */; };
		44846C8D242BAA1200521C8D /* StringExtension.swift in Sources */ = {isa = PBXBuildFile; fileRef = 44846C8C242BAA1200521C8D /* StringExtension.swift */; };
		44846C8F242BB16E00521C8D /* PasswordViewModel.swift in Sources */ = {isa = PBXBuildFile; fileRef = 44846C8E242BB16E00521C8D /* PasswordViewModel.swift */; };
		44846C91242BBF1300521C8D /* NameViewModel.swift in Sources */ = {isa = PBXBuildFile; fileRef = 44846C90242BBF1300521C8D /* NameViewModel.swift */; };
		44F5CA5F242A2E61003DC815 /* SignUpView.swift in Sources */ = {isa = PBXBuildFile; fileRef = 44F5CA5E242A2E61003DC815 /* SignUpView.swift */; };
		44FA8097242CAE2C0013B1E3 /* PreviousButton.swift in Sources */ = {isa = PBXBuildFile; fileRef = 44FA8096242CAE2C0013B1E3 /* PreviousButton.swift */; };
		44FA8099242CAEA10013B1E3 /* CommonButton.swift in Sources */ = {isa = PBXBuildFile; fileRef = 44FA8098242CAEA10013B1E3 /* CommonButton.swift */; };
		44FA809D242CB3040013B1E3 /* PopSegue.swift in Sources */ = {isa = PBXBuildFile; fileRef = 44FA809C242CB3040013B1E3 /* PopSegue.swift */; };
/* End PBXBuildFile section */

/* Begin PBXContainerItemProxy section */
		4473D9832429FCF000073E28 /* PBXContainerItemProxy */ = {
			isa = PBXContainerItemProxy;
			containerPortal = 443DD585242999E0004F2722 /* Project object */;
			proxyType = 1;
			remoteGlobalIDString = 443DD58C242999E0004F2722;
			remoteInfo = SignUp;
		};
/* End PBXContainerItemProxy section */

/* Begin PBXFileReference section */
		441FA516242CA39A005E40A9 /* PushSegue.swift */ = {isa = PBXFileReference; lastKnownFileType = sourcecode.swift; path = PushSegue.swift; sourceTree = "<group>"; };
		443DD58D242999E0004F2722 /* SignUp.app */ = {isa = PBXFileReference; explicitFileType = wrapper.application; includeInIndex = 0; path = SignUp.app; sourceTree = BUILT_PRODUCTS_DIR; };
		443DD590242999E0004F2722 /* AppDelegate.swift */ = {isa = PBXFileReference; lastKnownFileType = sourcecode.swift; path = AppDelegate.swift; sourceTree = "<group>"; };
		443DD592242999E0004F2722 /* SceneDelegate.swift */ = {isa = PBXFileReference; lastKnownFileType = sourcecode.swift; path = SceneDelegate.swift; sourceTree = "<group>"; };
		443DD594242999E0004F2722 /* SignUpViewController.swift */ = {isa = PBXFileReference; lastKnownFileType = sourcecode.swift; path = SignUpViewController.swift; sourceTree = "<group>"; };
		443DD597242999E0004F2722 /* Base */ = {isa = PBXFileReference; lastKnownFileType = file.storyboard; name = Base; path = Base.lproj/Main.storyboard; sourceTree = "<group>"; };
		443DD599242999E0004F2722 /* Assets.xcassets */ = {isa = PBXFileReference; lastKnownFileType = folder.assetcatalog; path = Assets.xcassets; sourceTree = "<group>"; };
		443DD59C242999E0004F2722 /* Base */ = {isa = PBXFileReference; lastKnownFileType = file.storyboard; name = Base; path = Base.lproj/LaunchScreen.storyboard; sourceTree = "<group>"; };
		443DD59E242999E0004F2722 /* Info.plist */ = {isa = PBXFileReference; lastKnownFileType = text.plist.xml; path = Info.plist; sourceTree = "<group>"; };
		443DD5A42429AD2E004F2722 /* TitleLabel.swift */ = {isa = PBXFileReference; lastKnownFileType = sourcecode.swift; path = TitleLabel.swift; sourceTree = "<group>"; };
		443DD5A72429B058004F2722 /* TextFieldLabel.swift */ = {isa = PBXFileReference; lastKnownFileType = sourcecode.swift; path = TextFieldLabel.swift; sourceTree = "<group>"; };
		443DD5A92429B356004F2722 /* StatusMessageLabel.swift */ = {isa = PBXFileReference; lastKnownFileType = sourcecode.swift; path = StatusMessageLabel.swift; sourceTree = "<group>"; };
		443DD5AD2429CE89004F2722 /* InputTextField.swift */ = {isa = PBXFileReference; lastKnownFileType = sourcecode.swift; path = InputTextField.swift; sourceTree = "<group>"; };
		443DD5AF2429D6D1004F2722 /* NextButton.swift */ = {isa = PBXFileReference; lastKnownFileType = sourcecode.swift; path = NextButton.swift; sourceTree = "<group>"; };
		444F82A7242D93BD00CDEAE3 /* NetworkManager.swift */ = {isa = PBXFileReference; lastKnownFileType = sourcecode.swift; name = NetworkManager.swift; path = SignUp/ViewModel/NetworkManager.swift; sourceTree = SOURCE_ROOT; };
		4473D97E2429FCF000073E28 /* InputVerifierTests.xctest */ = {isa = PBXFileReference; explicitFileType = wrapper.cfbundle; includeInIndex = 0; path = InputVerifierTests.xctest; sourceTree = BUILT_PRODUCTS_DIR; };
		4473D9802429FCF000073E28 /* InputVerifierTests.swift */ = {isa = PBXFileReference; lastKnownFileType = sourcecode.swift; path = InputVerifierTests.swift; sourceTree = "<group>"; };
		4473D9822429FCF000073E28 /* Info.plist */ = {isa = PBXFileReference; lastKnownFileType = text.plist.xml; path = Info.plist; sourceTree = "<group>"; };
		44846C87242B9F2800521C8D /* IdViewModel.swift */ = {isa = PBXFileReference; lastKnownFileType = sourcecode.swift; path = IdViewModel.swift; sourceTree = "<group>"; };
		44846C89242BA64600521C8D /* Dynamic.swift */ = {isa = PBXFileReference; lastKnownFileType = sourcecode.swift; path = Dynamic.swift; sourceTree = "<group>"; };
		44846C8C242BAA1200521C8D /* StringExtension.swift */ = {isa = PBXFileReference; lastKnownFileType = sourcecode.swift; path = StringExtension.swift; sourceTree = "<group>"; };
		44846C8E242BB16E00521C8D /* PasswordViewModel.swift */ = {isa = PBXFileReference; lastKnownFileType = sourcecode.swift; path = PasswordViewModel.swift; sourceTree = "<group>"; };
		44846C90242BBF1300521C8D /* NameViewModel.swift */ = {isa = PBXFileReference; lastKnownFileType = sourcecode.swift; path = NameViewModel.swift; sourceTree = "<group>"; };
		44A51C8B242B3320005C35BC /* SignUp.entitlements */ = {isa = PBXFileReference; lastKnownFileType = text.plist.entitlements; path = SignUp.entitlements; sourceTree = "<group>"; };
		44F5CA5E242A2E61003DC815 /* SignUpView.swift */ = {isa = PBXFileReference; lastKnownFileType = sourcecode.swift; path = SignUpView.swift; sourceTree = "<group>"; };
		44FA8096242CAE2C0013B1E3 /* PreviousButton.swift */ = {isa = PBXFileReference; lastKnownFileType = sourcecode.swift; path = PreviousButton.swift; sourceTree = "<group>"; };
		44FA8098242CAEA10013B1E3 /* CommonButton.swift */ = {isa = PBXFileReference; lastKnownFileType = sourcecode.swift; path = CommonButton.swift; sourceTree = "<group>"; };
		44FA809C242CB3040013B1E3 /* PopSegue.swift */ = {isa = PBXFileReference; lastKnownFileType = sourcecode.swift; path = PopSegue.swift; sourceTree = "<group>"; };
/* End PBXFileReference section */

/* Begin PBXFrameworksBuildPhase section */
		443DD58A242999E0004F2722 /* Frameworks */ = {
			isa = PBXFrameworksBuildPhase;
			buildActionMask = 2147483647;
			files = (
			);
			runOnlyForDeploymentPostprocessing = 0;
		};
		4473D97B2429FCF000073E28 /* Frameworks */ = {
			isa = PBXFrameworksBuildPhase;
			buildActionMask = 2147483647;
			files = (
			);
			runOnlyForDeploymentPostprocessing = 0;
		};
/* End PBXFrameworksBuildPhase section */

/* Begin PBXGroup section */
		443DD584242999E0004F2722 = {
			isa = PBXGroup;
			children = (
				443DD58F242999E0004F2722 /* SignUp */,
				4473D97F2429FCF000073E28 /* InputVerifierTests */,
				443DD58E242999E0004F2722 /* Products */,
			);
			sourceTree = "<group>";
		};
		443DD58E242999E0004F2722 /* Products */ = {
			isa = PBXGroup;
			children = (
				443DD58D242999E0004F2722 /* SignUp.app */,
				4473D97E2429FCF000073E28 /* InputVerifierTests.xctest */,
			);
			name = Products;
			sourceTree = "<group>";
		};
		443DD58F242999E0004F2722 /* SignUp */ = {
			isa = PBXGroup;
			children = (
				44A51C8B242B3320005C35BC /* SignUp.entitlements */,
				44846C8B242BA9FC00521C8D /* Extension */,
				44846C86242B9EEF00521C8D /* ViewModel */,
				44F5CA5B242A2D80003DC815 /* Model */,
				443DD590242999E0004F2722 /* AppDelegate.swift */,
				443DD592242999E0004F2722 /* SceneDelegate.swift */,
				443DD594242999E0004F2722 /* SignUpViewController.swift */,
				443DD596242999E0004F2722 /* Main.storyboard */,
				443DD5A62429AFA1004F2722 /* View */,
				443DD599242999E0004F2722 /* Assets.xcassets */,
				443DD59B242999E0004F2722 /* LaunchScreen.storyboard */,
				443DD59E242999E0004F2722 /* Info.plist */,
			);
			path = SignUp;
			sourceTree = "<group>";
		};
		443DD5A62429AFA1004F2722 /* View */ = {
			isa = PBXGroup;
			children = (
				44FA809B242CB2E80013B1E3 /* Segues */,
				44FA809A242CB0DA0013B1E3 /* Buttons */,
				443DD5A42429AD2E004F2722 /* TitleLabel.swift */,
				443DD5A72429B058004F2722 /* TextFieldLabel.swift */,
				443DD5A92429B356004F2722 /* StatusMessageLabel.swift */,
				443DD5AD2429CE89004F2722 /* InputTextField.swift */,
				44F5CA5E242A2E61003DC815 /* SignUpView.swift */,
			);
			path = View;
			sourceTree = "<group>";
		};
		4473D97F2429FCF000073E28 /* InputVerifierTests */ = {
			isa = PBXGroup;
			children = (
				4473D9802429FCF000073E28 /* InputVerifierTests.swift */,
				4473D9822429FCF000073E28 /* Info.plist */,
			);
			path = InputVerifierTests;
			sourceTree = "<group>";
		};
		44846C86242B9EEF00521C8D /* ViewModel */ = {
			isa = PBXGroup;
			children = (
				44846C89242BA64600521C8D /* Dynamic.swift */,
				44846C87242B9F2800521C8D /* IdViewModel.swift */,
				44846C8E242BB16E00521C8D /* PasswordViewModel.swift */,
				44846C90242BBF1300521C8D /* NameViewModel.swift */,
			);
			path = ViewModel;
			sourceTree = "<group>";
		};
		44846C8B242BA9FC00521C8D /* Extension */ = {
			isa = PBXGroup;
			children = (
				44846C8C242BAA1200521C8D /* StringExtension.swift */,
			);
			path = Extension;
			sourceTree = "<group>";
		};
		44F5CA5B242A2D80003DC815 /* Model */ = {
			isa = PBXGroup;
			children = (
				444F82A7242D93BD00CDEAE3 /* NetworkManager.swift */,
			);
			path = Model;
			sourceTree = "<group>";
		};
		44FA809A242CB0DA0013B1E3 /* Buttons */ = {
			isa = PBXGroup;
			children = (
				44FA8098242CAEA10013B1E3 /* CommonButton.swift */,
				443DD5AF2429D6D1004F2722 /* NextButton.swift */,
				44FA8096242CAE2C0013B1E3 /* PreviousButton.swift */,
			);
			path = Buttons;
			sourceTree = "<group>";
		};
		44FA809B242CB2E80013B1E3 /* Segues */ = {
			isa = PBXGroup;
			children = (
				441FA516242CA39A005E40A9 /* PushSegue.swift */,
				44FA809C242CB3040013B1E3 /* PopSegue.swift */,
			);
			path = Segues;
			sourceTree = "<group>";
		};
/* End PBXGroup section */

/* Begin PBXNativeTarget section */
		443DD58C242999E0004F2722 /* SignUp */ = {
			isa = PBXNativeTarget;
			buildConfigurationList = 443DD5A1242999E0004F2722 /* Build configuration list for PBXNativeTarget "SignUp" */;
			buildPhases = (
				443DD589242999E0004F2722 /* Sources */,
				443DD58A242999E0004F2722 /* Frameworks */,
				443DD58B242999E0004F2722 /* Resources */,
			);
			buildRules = (
			);
			dependencies = (
			);
			name = SignUp;
			productName = SignUp;
			productReference = 443DD58D242999E0004F2722 /* SignUp.app */;
			productType = "com.apple.product-type.application";
		};
		4473D97D2429FCF000073E28 /* InputVerifierTests */ = {
			isa = PBXNativeTarget;
			buildConfigurationList = 4473D9852429FCF000073E28 /* Build configuration list for PBXNativeTarget "InputVerifierTests" */;
			buildPhases = (
				4473D97A2429FCF000073E28 /* Sources */,
				4473D97B2429FCF000073E28 /* Frameworks */,
				4473D97C2429FCF000073E28 /* Resources */,
			);
			buildRules = (
			);
			dependencies = (
				4473D9842429FCF000073E28 /* PBXTargetDependency */,
			);
			name = InputVerifierTests;
			productName = InputVerifierTests;
			productReference = 4473D97E2429FCF000073E28 /* InputVerifierTests.xctest */;
			productType = "com.apple.product-type.bundle.unit-test";
		};
/* End PBXNativeTarget section */

/* Begin PBXProject section */
		443DD585242999E0004F2722 /* Project object */ = {
			isa = PBXProject;
			attributes = {
				LastSwiftUpdateCheck = 1130;
				LastUpgradeCheck = 1130;
				ORGANIZATIONNAME = TTOzzi;
				TargetAttributes = {
					443DD58C242999E0004F2722 = {
						CreatedOnToolsVersion = 11.3.1;
					};
					4473D97D2429FCF000073E28 = {
						CreatedOnToolsVersion = 11.3.1;
						TestTargetID = 443DD58C242999E0004F2722;
					};
				};
			};
			buildConfigurationList = 443DD588242999E0004F2722 /* Build configuration list for PBXProject "SignUp" */;
			compatibilityVersion = "Xcode 9.3";
			developmentRegion = en;
			hasScannedForEncodings = 0;
			knownRegions = (
				en,
				Base,
			);
			mainGroup = 443DD584242999E0004F2722;
			productRefGroup = 443DD58E242999E0004F2722 /* Products */;
			projectDirPath = "";
			projectRoot = "";
			targets = (
				443DD58C242999E0004F2722 /* SignUp */,
				4473D97D2429FCF000073E28 /* InputVerifierTests */,
			);
		};
/* End PBXProject section */

/* Begin PBXResourcesBuildPhase section */
		443DD58B242999E0004F2722 /* Resources */ = {
			isa = PBXResourcesBuildPhase;
			buildActionMask = 2147483647;
			files = (
				443DD59D242999E0004F2722 /* LaunchScreen.storyboard in Resources */,
				443DD59A242999E0004F2722 /* Assets.xcassets in Resources */,
				443DD598242999E0004F2722 /* Main.storyboard in Resources */,
			);
			runOnlyForDeploymentPostprocessing = 0;
		};
		4473D97C2429FCF000073E28 /* Resources */ = {
			isa = PBXResourcesBuildPhase;
			buildActionMask = 2147483647;
			files = (
			);
			runOnlyForDeploymentPostprocessing = 0;
		};
/* End PBXResourcesBuildPhase section */

/* Begin PBXSourcesBuildPhase section */
		443DD589242999E0004F2722 /* Sources */ = {
			isa = PBXSourcesBuildPhase;
			buildActionMask = 2147483647;
			files = (
				444F82A8242D93BD00CDEAE3 /* NetworkManager.swift in Sources */,
				443DD5AA2429B356004F2722 /* StatusMessageLabel.swift in Sources */,
				44846C8F242BB16E00521C8D /* PasswordViewModel.swift in Sources */,
				443DD595242999E0004F2722 /* SignUpViewController.swift in Sources */,
				443DD5A82429B058004F2722 /* TextFieldLabel.swift in Sources */,
				443DD5A52429AD2E004F2722 /* TitleLabel.swift in Sources */,
				443DD591242999E0004F2722 /* AppDelegate.swift in Sources */,
				44F5CA5F242A2E61003DC815 /* SignUpView.swift in Sources */,
				44FA809D242CB3040013B1E3 /* PopSegue.swift in Sources */,
				443DD5AE2429CE89004F2722 /* InputTextField.swift in Sources */,
				44FA8097242CAE2C0013B1E3 /* PreviousButton.swift in Sources */,
				443DD5B02429D6D1004F2722 /* NextButton.swift in Sources */,
				44846C8A242BA64600521C8D /* Dynamic.swift in Sources */,
				44846C88242B9F2800521C8D /* IdViewModel.swift in Sources */,
				44846C91242BBF1300521C8D /* NameViewModel.swift in Sources */,
				44FA8099242CAEA10013B1E3 /* CommonButton.swift in Sources */,
				441FA517242CA39A005E40A9 /* PushSegue.swift in Sources */,
				44846C8D242BAA1200521C8D /* StringExtension.swift in Sources */,
				443DD593242999E0004F2722 /* SceneDelegate.swift in Sources */,
			);
			runOnlyForDeploymentPostprocessing = 0;
		};
		4473D97A2429FCF000073E28 /* Sources */ = {
			isa = PBXSourcesBuildPhase;
			buildActionMask = 2147483647;
			files = (
				4473D9812429FCF000073E28 /* InputVerifierTests.swift in Sources */,
			);
			runOnlyForDeploymentPostprocessing = 0;
		};
/* End PBXSourcesBuildPhase section */

/* Begin PBXTargetDependency section */
		4473D9842429FCF000073E28 /* PBXTargetDependency */ = {
			isa = PBXTargetDependency;
			target = 443DD58C242999E0004F2722 /* SignUp */;
			targetProxy = 4473D9832429FCF000073E28 /* PBXContainerItemProxy */;
		};
/* End PBXTargetDependency section */

/* Begin PBXVariantGroup section */
		443DD596242999E0004F2722 /* Main.storyboard */ = {
			isa = PBXVariantGroup;
			children = (
				443DD597242999E0004F2722 /* Base */,
			);
			name = Main.storyboard;
			sourceTree = "<group>";
		};
		443DD59B242999E0004F2722 /* LaunchScreen.storyboard */ = {
			isa = PBXVariantGroup;
			children = (
				443DD59C242999E0004F2722 /* Base */,
			);
			name = LaunchScreen.storyboard;
			sourceTree = "<group>";
		};
/* End PBXVariantGroup section */

/* Begin XCBuildConfiguration section */
		443DD59F242999E0004F2722 /* Debug */ = {
			isa = XCBuildConfiguration;
			buildSettings = {
				ALWAYS_SEARCH_USER_PATHS = NO;
				CLANG_ANALYZER_NONNULL = YES;
				CLANG_ANALYZER_NUMBER_OBJECT_CONVERSION = YES_AGGRESSIVE;
				CLANG_CXX_LANGUAGE_STANDARD = "gnu++14";
				CLANG_CXX_LIBRARY = "libc++";
				CLANG_ENABLE_MODULES = YES;
				CLANG_ENABLE_OBJC_ARC = YES;
				CLANG_ENABLE_OBJC_WEAK = YES;
				CLANG_WARN_BLOCK_CAPTURE_AUTORELEASING = YES;
				CLANG_WARN_BOOL_CONVERSION = YES;
				CLANG_WARN_COMMA = YES;
				CLANG_WARN_CONSTANT_CONVERSION = YES;
				CLANG_WARN_DEPRECATED_OBJC_IMPLEMENTATIONS = YES;
				CLANG_WARN_DIRECT_OBJC_ISA_USAGE = YES_ERROR;
				CLANG_WARN_DOCUMENTATION_COMMENTS = YES;
				CLANG_WARN_EMPTY_BODY = YES;
				CLANG_WARN_ENUM_CONVERSION = YES;
				CLANG_WARN_INFINITE_RECURSION = YES;
				CLANG_WARN_INT_CONVERSION = YES;
				CLANG_WARN_NON_LITERAL_NULL_CONVERSION = YES;
				CLANG_WARN_OBJC_IMPLICIT_RETAIN_SELF = YES;
				CLANG_WARN_OBJC_LITERAL_CONVERSION = YES;
				CLANG_WARN_OBJC_ROOT_CLASS = YES_ERROR;
				CLANG_WARN_RANGE_LOOP_ANALYSIS = YES;
				CLANG_WARN_STRICT_PROTOTYPES = YES;
				CLANG_WARN_SUSPICIOUS_MOVE = YES;
				CLANG_WARN_UNGUARDED_AVAILABILITY = YES_AGGRESSIVE;
				CLANG_WARN_UNREACHABLE_CODE = YES;
				CLANG_WARN__DUPLICATE_METHOD_MATCH = YES;
				COPY_PHASE_STRIP = NO;
				DEBUG_INFORMATION_FORMAT = dwarf;
				ENABLE_STRICT_OBJC_MSGSEND = YES;
				ENABLE_TESTABILITY = YES;
				GCC_C_LANGUAGE_STANDARD = gnu11;
				GCC_DYNAMIC_NO_PIC = NO;
				GCC_NO_COMMON_BLOCKS = YES;
				GCC_OPTIMIZATION_LEVEL = 0;
				GCC_PREPROCESSOR_DEFINITIONS = (
					"DEBUG=1",
					"$(inherited)",
				);
				GCC_WARN_64_TO_32_BIT_CONVERSION = YES;
				GCC_WARN_ABOUT_RETURN_TYPE = YES_ERROR;
				GCC_WARN_UNDECLARED_SELECTOR = YES;
				GCC_WARN_UNINITIALIZED_AUTOS = YES_AGGRESSIVE;
				GCC_WARN_UNUSED_FUNCTION = YES;
				GCC_WARN_UNUSED_VARIABLE = YES;
				IPHONEOS_DEPLOYMENT_TARGET = 13.2;
				MTL_ENABLE_DEBUG_INFO = INCLUDE_SOURCE;
				MTL_FAST_MATH = YES;
				ONLY_ACTIVE_ARCH = YES;
				SDKROOT = iphoneos;
				SWIFT_ACTIVE_COMPILATION_CONDITIONS = DEBUG;
				SWIFT_OPTIMIZATION_LEVEL = "-Onone";
			};
			name = Debug;
		};
		443DD5A0242999E0004F2722 /* Release */ = {
			isa = XCBuildConfiguration;
			buildSettings = {
				ALWAYS_SEARCH_USER_PATHS = NO;
				CLANG_ANALYZER_NONNULL = YES;
				CLANG_ANALYZER_NUMBER_OBJECT_CONVERSION = YES_AGGRESSIVE;
				CLANG_CXX_LANGUAGE_STANDARD = "gnu++14";
				CLANG_CXX_LIBRARY = "libc++";
				CLANG_ENABLE_MODULES = YES;
				CLANG_ENABLE_OBJC_ARC = YES;
				CLANG_ENABLE_OBJC_WEAK = YES;
				CLANG_WARN_BLOCK_CAPTURE_AUTORELEASING = YES;
				CLANG_WARN_BOOL_CONVERSION = YES;
				CLANG_WARN_COMMA = YES;
				CLANG_WARN_CONSTANT_CONVERSION = YES;
				CLANG_WARN_DEPRECATED_OBJC_IMPLEMENTATIONS = YES;
				CLANG_WARN_DIRECT_OBJC_ISA_USAGE = YES_ERROR;
				CLANG_WARN_DOCUMENTATION_COMMENTS = YES;
				CLANG_WARN_EMPTY_BODY = YES;
				CLANG_WARN_ENUM_CONVERSION = YES;
				CLANG_WARN_INFINITE_RECURSION = YES;
				CLANG_WARN_INT_CONVERSION = YES;
				CLANG_WARN_NON_LITERAL_NULL_CONVERSION = YES;
				CLANG_WARN_OBJC_IMPLICIT_RETAIN_SELF = YES;
				CLANG_WARN_OBJC_LITERAL_CONVERSION = YES;
				CLANG_WARN_OBJC_ROOT_CLASS = YES_ERROR;
				CLANG_WARN_RANGE_LOOP_ANALYSIS = YES;
				CLANG_WARN_STRICT_PROTOTYPES = YES;
				CLANG_WARN_SUSPICIOUS_MOVE = YES;
				CLANG_WARN_UNGUARDED_AVAILABILITY = YES_AGGRESSIVE;
				CLANG_WARN_UNREACHABLE_CODE = YES;
				CLANG_WARN__DUPLICATE_METHOD_MATCH = YES;
				COPY_PHASE_STRIP = NO;
				DEBUG_INFORMATION_FORMAT = "dwarf-with-dsym";
				ENABLE_NS_ASSERTIONS = NO;
				ENABLE_STRICT_OBJC_MSGSEND = YES;
				GCC_C_LANGUAGE_STANDARD = gnu11;
				GCC_NO_COMMON_BLOCKS = YES;
				GCC_WARN_64_TO_32_BIT_CONVERSION = YES;
				GCC_WARN_ABOUT_RETURN_TYPE = YES_ERROR;
				GCC_WARN_UNDECLARED_SELECTOR = YES;
				GCC_WARN_UNINITIALIZED_AUTOS = YES_AGGRESSIVE;
				GCC_WARN_UNUSED_FUNCTION = YES;
				GCC_WARN_UNUSED_VARIABLE = YES;
				IPHONEOS_DEPLOYMENT_TARGET = 13.2;
				MTL_ENABLE_DEBUG_INFO = NO;
				MTL_FAST_MATH = YES;
				SDKROOT = iphoneos;
				SWIFT_COMPILATION_MODE = wholemodule;
				SWIFT_OPTIMIZATION_LEVEL = "-O";
				VALIDATE_PRODUCT = YES;
			};
			name = Release;
		};
		443DD5A2242999E0004F2722 /* Debug */ = {
			isa = XCBuildConfiguration;
			buildSettings = {
				ASSETCATALOG_COMPILER_APPICON_NAME = AppIcon;
				CODE_SIGN_ENTITLEMENTS = SignUp/SignUp.entitlements;
				CODE_SIGN_STYLE = Automatic;
				DEVELOPMENT_TEAM = 52LA5XMGV3;
				INFOPLIST_FILE = SignUp/Info.plist;
				LD_RUNPATH_SEARCH_PATHS = (
					"$(inherited)",
					"@executable_path/Frameworks",
				);
				PRODUCT_BUNDLE_IDENTIFIER = com.ttozzi.SignUp;
				PRODUCT_NAME = "$(TARGET_NAME)";
				SWIFT_VERSION = 5.0;
				TARGETED_DEVICE_FAMILY = "1,2";
			};
			name = Debug;
		};
		443DD5A3242999E0004F2722 /* Release */ = {
			isa = XCBuildConfiguration;
			buildSettings = {
				ASSETCATALOG_COMPILER_APPICON_NAME = AppIcon;
				CODE_SIGN_ENTITLEMENTS = SignUp/SignUp.entitlements;
				CODE_SIGN_STYLE = Automatic;
				DEVELOPMENT_TEAM = 52LA5XMGV3;
				INFOPLIST_FILE = SignUp/Info.plist;
				LD_RUNPATH_SEARCH_PATHS = (
					"$(inherited)",
					"@executable_path/Frameworks",
				);
				PRODUCT_BUNDLE_IDENTIFIER = com.ttozzi.SignUp;
				PRODUCT_NAME = "$(TARGET_NAME)";
				SWIFT_VERSION = 5.0;
				TARGETED_DEVICE_FAMILY = "1,2";
			};
			name = Release;
		};
		4473D9862429FCF000073E28 /* Debug */ = {
			isa = XCBuildConfiguration;
			buildSettings = {
				BUNDLE_LOADER = "$(TEST_HOST)";
				CODE_SIGN_STYLE = Automatic;
				DEVELOPMENT_TEAM = 52LA5XMGV3;
				INFOPLIST_FILE = InputVerifierTests/Info.plist;
				LD_RUNPATH_SEARCH_PATHS = (
					"$(inherited)",
					"@executable_path/Frameworks",
					"@loader_path/Frameworks",
				);
				PRODUCT_BUNDLE_IDENTIFIER = com.ttozzi.InputVerifierTests;
				PRODUCT_NAME = "$(TARGET_NAME)";
				SWIFT_VERSION = 5.0;
				TARGETED_DEVICE_FAMILY = "1,2";
				TEST_HOST = "$(BUILT_PRODUCTS_DIR)/SignUp.app/SignUp";
			};
			name = Debug;
		};
		4473D9872429FCF000073E28 /* Release */ = {
			isa = XCBuildConfiguration;
			buildSettings = {
				BUNDLE_LOADER = "$(TEST_HOST)";
				CODE_SIGN_STYLE = Automatic;
				DEVELOPMENT_TEAM = 52LA5XMGV3;
				INFOPLIST_FILE = InputVerifierTests/Info.plist;
				LD_RUNPATH_SEARCH_PATHS = (
					"$(inherited)",
					"@executable_path/Frameworks",
					"@loader_path/Frameworks",
				);
				PRODUCT_BUNDLE_IDENTIFIER = com.ttozzi.InputVerifierTests;
				PRODUCT_NAME = "$(TARGET_NAME)";
				SWIFT_VERSION = 5.0;
				TARGETED_DEVICE_FAMILY = "1,2";
				TEST_HOST = "$(BUILT_PRODUCTS_DIR)/SignUp.app/SignUp";
			};
			name = Release;
		};
/* End XCBuildConfiguration section */

/* Begin XCConfigurationList section */
		443DD588242999E0004F2722 /* Build configuration list for PBXProject "SignUp" */ = {
			isa = XCConfigurationList;
			buildConfigurations = (
				443DD59F242999E0004F2722 /* Debug */,
				443DD5A0242999E0004F2722 /* Release */,
			);
			defaultConfigurationIsVisible = 0;
			defaultConfigurationName = Release;
		};
		443DD5A1242999E0004F2722 /* Build configuration list for PBXNativeTarget "SignUp" */ = {
			isa = XCConfigurationList;
			buildConfigurations = (
				443DD5A2242999E0004F2722 /* Debug */,
				443DD5A3242999E0004F2722 /* Release */,
			);
			defaultConfigurationIsVisible = 0;
			defaultConfigurationName = Release;
		};
		4473D9852429FCF000073E28 /* Build configuration list for PBXNativeTarget "InputVerifierTests" */ = {
			isa = XCConfigurationList;
			buildConfigurations = (
				4473D9862429FCF000073E28 /* Debug */,
				4473D9872429FCF000073E28 /* Release */,
			);
			defaultConfigurationIsVisible = 0;
			defaultConfigurationName = Release;
		};
/* End XCConfigurationList section */
	};
	rootObject = 443DD585242999E0004F2722 /* Project object */;
}
